# THIS IS AN AUTOGENERATED FILE. DO NOT EDIT THIS FILE DIRECTLY.
# yarn lockfile v1


"@playwright/test@^1.14.1":
  version "1.22.0"
  resolved "https://registry.yarnpkg.com/@playwright/test/-/test-1.22.0.tgz#c120d673508291ee63095d727b6f998ea0c6a03f"
  integrity sha512-ExcAjiECo3uTG5Sl5H4a7rKp/5TEHTI87dv9NHYEoUFuOHPhSVxB7QsuM70ktO+wTTZ9KzhwzcegxAGRmUFKEA==
  dependencies:
    playwright-core "1.22.0"

playwright-core@1.22.0:
  version "1.22.0"
  resolved "https://registry.yarnpkg.com/playwright-core/-/playwright-core-1.22.0.tgz#e738a0c83f4be0984c953ab25d2bc77545187ecc"
  integrity sha512-XnDPiV4NCzTtXWxQdyJ6Wg8xhST3ciUjt5mITaxoqOoYggmRtofKm0PXLehfbetXh2ppPYj5U8UhtUpdIE4wag==
