{
	"name": "website",
	"lockfileVersion": 2,
	"requires": true,
	"packages": {
		"": {
			"name": "website",
			"dependencies": {
				"react": "18.1.0",
				"react-dom": "18.1.0"
			},
			"devDependencies": {
				"@types/react": "18.0.9",
				"@types/react-dom": "18.0.3",
				"typescript": "4.5.4"
			}
		},
		"../packages/web/sdk": {
			"name": "@vulpo-dev/auth-sdk",
			"version": "0.0.6",
			"extraneous": true,
			"license": "MPL-2.0",
			"dependencies": {
				"@types/uuid": "^8.3.0",
				"axios": "^0.21.1",
				"idb-keyval": "^5.0.4",
				"jwt-decode": "^3.1.2",
				"shallow-equal": "^1.2.1",
				"uuid": "^8.3.2"
			},
			"devDependencies": {
				"@babel/core": "^7.13.1",
				"@babel/plugin-proposal-class-properties": "^7.13.0",
				"@babel/polyfill": "^7.12.1",
				"@babel/preset-env": "^7.13.5",
				"@babel/preset-react": "^7.12.13",
				"@babel/preset-typescript": "^7.13.0",
				"@types/jest": "^28.1.1",
				"babel-jest": "^28.0.0",
				"babel-loader": "^8.2.2",
				"babel-plugin-styled-components": "^1.12.0",
				"express": "^4.17.1",
				"http-proxy-middleware": "^1.0.6",
				"jest": "^28.0.0",
				"rimraf": "^3.0.2",
				"source-map-loader": "^2.0.1",
				"ts-jest": "^28.0.4",
				"ts-loader": "^8.0.17",
				"typescript": "^4.2.2",
				"webpack": "5.24.2",
				"webpack-cli": "^4.5.0"
			}
		},
		"../packages/web/sdk-react": {
			"name": "@vulpo-dev/auth-react",
			"version": "0.0.6",
			"extraneous": true,
			"license": "MPL-2.0",
			"dependencies": {
				"@types/react": "^18.0.9",
				"@vulpo-dev/auth-sdk": "^0.0.6"
			},
			"devDependencies": {
				"@babel/core": "^7.13.1",
				"@babel/plugin-proposal-class-properties": "^7.13.0",
				"@babel/preset-env": "^7.13.5",
				"@babel/preset-react": "^7.12.13",
				"@babel/preset-typescript": "^7.13.0",
				"babel-jest": "^26.6.3",
				"babel-loader": "^8.2.2",
				"babel-plugin-styled-components": "^1.12.0",
				"rimraf": "^3.0.2",
				"source-map-loader": "^2.0.1",
				"ts-loader": "^8.0.17",
				"typescript": "^4.2.2",
				"webpack": "5.24.2",
				"webpack-cli": "^4.5.0"
			},
			"peerDependencies": {
				"react": "16.8 - 18.x"
			}
		},
		"../packages/web/ui": {
			"name": "@vulpo-dev/auth-ui",
			"version": "0.0.10",
			"extraneous": true,
			"license": "MPL-2.0",
			"dependencies": {
				"@types/react": "^18.0.9",
				"@vulpo-dev/auth-react": "^0.0.6",
				"@vulpo-dev/auth-sdk": "^0.0.6"
			},
			"devDependencies": {
				"@babel/core": "^7.13.1",
				"@babel/plugin-proposal-class-properties": "^7.13.0",
				"@babel/preset-env": "^7.13.5",
				"@babel/preset-react": "^7.12.13",
				"@babel/preset-typescript": "^7.13.0",
				"@storybook/addon-actions": "^6.5.3",
				"@storybook/addon-essentials": "^6.5.3",
				"@storybook/addon-links": "^6.5.3",
				"@storybook/builder-webpack5": "^6.5.3",
				"@storybook/react": "^6.5.3",
				"@vulpo-dev/auth-react": "^0.0.6",
				"@vulpo-dev/auth-sdk": "^0.0.6",
				"axios": "^0.21.1",
				"axios-mock-adapter": "^1.19.0",
				"babel-loader": "^8.2.2",
				"babel-plugin-styled-components": "^1.12.0",
				"core-js": "^3.9.0",
				"react": "^18.1.0",
				"react-dom": "^18.1.0",
				"react-router-dom": "^6.3.0",
				"rimraf": "^3.0.2",
				"source-map-loader": "^2.0.1",
				"styled-components": "^5.2.1",
				"typescript": "^4.2.2",
				"webpack": "5.24.2",
				"webpack-cli": "^4.5.0"
			},
			"peerDependencies": {
				"react": "16.8 - 18.x",
				"react-router-dom": "^6.3.0"
			}
		},
		"node_modules/@types/prop-types": {
			"version": "15.7.4",
			"dev": true,
			"license": "MIT"
		},
		"node_modules/@types/react": {
			"version": "18.0.9",
			"resolved": "https://registry.npmjs.org/@types/react/-/react-18.0.9.tgz",
			"integrity": "sha512-9bjbg1hJHUm4De19L1cHiW0Jvx3geel6Qczhjd0qY5VKVE2X5+x77YxAepuCwVh4vrgZJdgEJw48zrhRIeF4Nw==",
			"dev": true,
			"dependencies": {
				"@types/prop-types": "*",
				"@types/scheduler": "*",
				"csstype": "^3.0.2"
			}
		},
		"node_modules/@types/react-dom": {
			"version": "18.0.3",
			"resolved": "https://registry.npmjs.org/@types/react-dom/-/react-dom-18.0.3.tgz",
			"integrity": "sha512-1RRW9kst+67gveJRYPxGmVy8eVJ05O43hg77G2j5m76/RFJtMbcfAs2viQ2UNsvvDg8F7OfQZx8qQcl6ymygaQ==",
			"dev": true,
			"dependencies": {
				"@types/react": "*"
			}
		},
		"node_modules/@types/scheduler": {
			"version": "0.16.2",
			"dev": true,
			"license": "MIT"
		},
		"node_modules/csstype": {
			"version": "3.0.10",
			"dev": true,
			"license": "MIT"
		},
		"node_modules/js-tokens": {
			"version": "4.0.0",
			"license": "MIT"
		},
		"node_modules/loose-envify": {
			"version": "1.4.0",
			"license": "MIT",
			"dependencies": {
				"js-tokens": "^3.0.0 || ^4.0.0"
			},
			"bin": {
				"loose-envify": "cli.js"
			}
		},
		"node_modules/react": {
			"version": "18.1.0",
			"resolved": "https://registry.npmjs.org/react/-/react-18.1.0.tgz",
			"integrity": "sha512-4oL8ivCz5ZEPyclFQXaNksK3adutVS8l2xzZU0cqEFrE9Sb7fC0EFK5uEk74wIreL1DERyjvsU915j1pcT2uEQ==",
			"dependencies": {
				"loose-envify": "^1.1.0"
			},
			"engines": {
				"node": ">=0.10.0"
			}
		},
		"node_modules/react-dom": {
			"version": "18.1.0",
			"resolved": "https://registry.npmjs.org/react-dom/-/react-dom-18.1.0.tgz",
			"integrity": "sha512-fU1Txz7Budmvamp7bshe4Zi32d0ll7ect+ccxNu9FlObT605GOEB8BfO4tmRJ39R5Zj831VCpvQ05QPBW5yb+w==",
			"dependencies": {
				"loose-envify": "^1.1.0",
				"scheduler": "^0.22.0"
			},
			"peerDependencies": {
				"react": "^18.1.0"
			}
		},
		"node_modules/scheduler": {
			"version": "0.22.0",
			"resolved": "https://registry.npmjs.org/scheduler/-/scheduler-0.22.0.tgz",
			"integrity": "sha512-6QAm1BgQI88NPYymgGQLCZgvep4FyePDWFpXVK+zNSUgHwlqpJy8VEh8Et0KxTACS4VWwMousBElAZOH9nkkoQ==",
			"dependencies": {
				"loose-envify": "^1.1.0"
			}
		},
		"node_modules/typescript": {
			"version": "4.5.4",
			"dev": true,
			"license": "Apache-2.0",
			"bin": {
				"tsc": "bin/tsc",
				"tsserver": "bin/tsserver"
			},
			"engines": {
				"node": ">=4.2.0"
			}
		}
	},
	"dependencies": {
		"@types/prop-types": {
			"version": "15.7.4",
			"dev": true
		},
		"@types/react": {
			"version": "18.0.9",
			"resolved": "https://registry.npmjs.org/@types/react/-/react-18.0.9.tgz",
			"integrity": "sha512-9bjbg1hJHUm4De19L1cHiW0Jvx3geel6Qczhjd0qY5VKVE2X5+x77YxAepuCwVh4vrgZJdgEJw48zrhRIeF4Nw==",
			"dev": true,
			"requires": {
				"@types/prop-types": "*",
				"@types/scheduler": "*",
				"csstype": "^3.0.2"
			}
		},
		"@types/react-dom": {
			"version": "18.0.3",
			"resolved": "https://registry.npmjs.org/@types/react-dom/-/react-dom-18.0.3.tgz",
			"integrity": "sha512-1RRW9kst+67gveJRYPxGmVy8eVJ05O43hg77G2j5m76/RFJtMbcfAs2viQ2UNsvvDg8F7OfQZx8qQcl6ymygaQ==",
			"dev": true,
			"requires": {
				"@types/react": "*"
			}
		},
		"@types/scheduler": {
			"version": "0.16.2",
			"dev": true
		},
		"csstype": {
			"version": "3.0.10",
			"dev": true
		},
		"js-tokens": {
			"version": "4.0.0"
		},
		"loose-envify": {
			"version": "1.4.0",
			"requires": {
				"js-tokens": "^3.0.0 || ^4.0.0"
			}
		},
		"react": {
			"version": "18.1.0",
			"resolved": "https://registry.npmjs.org/react/-/react-18.1.0.tgz",
			"integrity": "sha512-4oL8ivCz5ZEPyclFQXaNksK3adutVS8l2xzZU0cqEFrE9Sb7fC0EFK5uEk74wIreL1DERyjvsU915j1pcT2uEQ==",
			"requires": {
				"loose-envify": "^1.1.0"
			}
		},
		"react-dom": {
			"version": "18.1.0",
			"resolved": "https://registry.npmjs.org/react-dom/-/react-dom-18.1.0.tgz",
			"integrity": "sha512-fU1Txz7Budmvamp7bshe4Zi32d0ll7ect+ccxNu9FlObT605GOEB8BfO4tmRJ39R5Zj831VCpvQ05QPBW5yb+w==",
			"requires": {
				"loose-envify": "^1.1.0",
				"scheduler": "^0.22.0"
			}
		},
		"scheduler": {
			"version": "0.22.0",
			"resolved": "https://registry.npmjs.org/scheduler/-/scheduler-0.22.0.tgz",
			"integrity": "sha512-6QAm1BgQI88NPYymgGQLCZgvep4FyePDWFpXVK+zNSUgHwlqpJy8VEh8Et0KxTACS4VWwMousBElAZOH9nkkoQ==",
			"requires": {
				"loose-envify": "^1.1.0"
			}
		},
		"typescript": {
			"version": "4.5.4",
			"dev": true
		}
	}
}
