{
	"name": "vulpo-sdk-tests",
	"version": "1.0.3",
	"lockfileVersion": 2,
	"requires": true,
	"packages": {
		"": {
			"name": "vulpo-sdk-tests",
			"version": "1.0.3",
			"license": "ISC",
			"devDependencies": {
				"typescript": "^4.3.5"
			}
		},
		"node_modules/typescript": {
			"version": "4.3.5",
			"dev": true,
			"license": "Apache-2.0",
			"bin": {
				"tsc": "bin/tsc",
				"tsserver": "bin/tsserver"
			},
			"engines": {
				"node": ">=4.2.0"
			}
		}
	},
	"dependencies": {
		"typescript": {
			"version": "4.3.5",
			"dev": true
		}
	}
}
